{
  "name": "cfmail-worker",
  "lockfileVersion": 3,
  "requires": true,
  "packages": {
    "": {
      "name": "cfmail-worker",
      "dependencies": {
        "postal-mime": "^2.4.4"
      }
    },
    "node_modules/postal-mime": {
      "version": "2.7.5",
      "resolved": "https://registry.npmjs.org/postal-mime/-/postal-mime-2.7.5.tgz",
      "integrity": "sha512-GNEXKvWFQnbgO5NlrGzVa0FmWzBZ24PersAWErttSg1Hjpf0ATxTwS5DOMGaOpTG6bUh5cTr7xi0jAD942wCJA==",
      "license": "MIT-0"
    }
  }
}
